
Microsoft Visual Studio Solution File, Format Version 12.00
# Visual Studio Version 17
VisualStudioVersion = 17.5.33502.453
MinimumVisualStudioVersion = 10.0.40219.1
Project("{FAE04EC0-301F-11D3-BF4B-00C04F79EFBC}") = "HattyTyper", "HattyTyper\HattyTyper.csproj", "{7B662F66-1B25-4274-A673-08E25390D329}"
EndProject
Global
	GlobalSection(SolutionConfigurationPlatforms) = preSolution
		Debug|Any CPU = Debug|Any CPU
		Release|Any CPU = Release|Any CPU
	EndGlobalSection
	GlobalSection(ProjectConfigurationPlatforms) = postSolution
		{7B662F66-1B25-4274-A673-08E25390D329}.Debug|Any CPU.ActiveCfg = Debug|Any CPU
		{7B662F66-1B25-4274-A673-08E25390D329}.Debug|Any CPU.Build.0 = Debug|Any CPU
		{7B662F66-1B25-4274-A673-08E25390D329}.Release|Any CPU.ActiveCfg = Release|Any CPU
		{7B662F66-1B25-4274-A673-08E25390D329}.Release|Any CPU.Build.0 = Release|Any CPU
	EndGlobalSection
	GlobalSection(SolutionProperties) = preSolution
		HideSolutionNode = FALSE
	EndGlobalSection
	GlobalSection(ExtensibilityGlobals) = postSolution
		SolutionGuid = {1B051256-75E4-4BB1-8504-CCD14D0B8966}
	EndGlobalSection
EndGlobal
